{
  "name": "midi-shepard",
  "version": "1.0.0",
  "lockfileVersion": 3,
  "requires": true,
  "packages": {
    "": {
      "name": "midi-shepard",
      "version": "1.0.0",
      "dependencies": {
        "@danehansen/math": "^1.0.9",
        "@types/node": "^24.0.8",
        "babar": "^0.2.3",
        "jzz": "^1.9.3",
        "jzz-midi-smf": "^1.9.8",
        "midi": "^2.0.0"
      },
      "devDependencies": {
        "@types/babar": "^0.2.4",
        "@types/midi": "^2.0.3"
      }
    },
    "node_modules/@danehansen/math": {
      "version": "1.0.9",
      "resolved": "https://registry.npmjs.org/@danehansen/math/-/math-1.0.9.tgz",
      "integrity": "sha512-8f6lM5on0PUfGHXOHEbudbkxVrdqNjgdUuczGZzYi413vB+zGKLEW6tZMQpKBd0LGratjjzcG1VYKpIxCGui1A==",
      "license": "MIT"
    },
    "node_modules/@types/babar": {
      "version": "0.2.4",
      "resolved": "https://registry.npmjs.org/@types/babar/-/babar-0.2.4.tgz",
      "integrity": "sha512-CWeZW8TovD8dq3jB6/WA8zWsCkyV1cuV1EBGeUBcl45kyCSheF2IOzo+bF8mjVJvMKWwO8tYjAH0/y/HuHcOSw==",
      "dev": true,
      "license": "MIT"
    },
    "node_modules/@types/midi": {
      "version": "2.0.3",
      "resolved": "https://registry.npmjs.org/@types/midi/-/midi-2.0.3.tgz",
      "integrity": "sha512-pWHbPU2FDq+ice7cjhZOEH19UUi55qDkdRggRZHy+1HKmYBRVZjaUBZofI0umL93PWif3Xr9EVwpmyUp1ecQnQ==",
      "dev": true,
      "license": "MIT",
      "dependencies": {
        "@types/node": "*"
      }
    },
    "node_modules/@types/node": {
      "version": "24.0.8",
      "resolved": "https://registry.npmjs.org/@types/node/-/node-24.0.8.tgz",
      "integrity": "sha512-WytNrFSgWO/esSH9NbpWUfTMGQwCGIKfCmNlmFDNiI5gGhgMmEA+V1AEvKLeBNvvtBnailJtkrEa2OIISwrVAA==",
      "license": "MIT",
      "dependencies": {
        "undici-types": "~7.8.0"
      }
    },
    "node_modules/@types/webmidi": {
      "version": "2.1.0",
      "resolved": "https://registry.npmjs.org/@types/webmidi/-/webmidi-2.1.0.tgz",
      "integrity": "sha512-k898MjEUSHB+6rSeCPQk/kLgie0wgWZ2t78GlWj86HbTQ+XmtbBafYg5LNjn8bVHfItEhPGZPf579Xfc6keV6w==",
      "license": "MIT"
    },
    "node_modules/babar": {
      "version": "0.2.3",
      "resolved": "https://registry.npmjs.org/babar/-/babar-0.2.3.tgz",
      "integrity": "sha512-1hmYKLj+7m5qHsJ3hosOlO7Z5BYe3E8u9u/W2BEqB4kytysuHYuGe5OIrEr7q4Zyg3y3EytFb4YrPZokYSix8g==",
      "license": "MIT",
      "dependencies": {
        "colors": "~1.4.0"
      }
    },
    "node_modules/bindings": {
      "version": "1.5.0",
      "resolved": "https://registry.npmjs.org/bindings/-/bindings-1.5.0.tgz",
      "integrity": "sha512-p2q/t/mhvuOj/UeLlV6566GD/guowlr0hHxClI0W9m7MWYkL1F0hLo+0Aexs9HSPCtR1SXQ0TD3MMKrXZajbiQ==",
      "license": "MIT",
      "dependencies": {
        "file-uri-to-path": "1.0.0"
      }
    },
    "node_modules/colors": {
      "version": "1.4.0",
      "resolved": "https://registry.npmjs.org/colors/-/colors-1.4.0.tgz",
      "integrity": "sha512-a+UqTh4kgZg/SlGvfbzDHpgRu7AAQOmmqRHJnxhRZICKFUT91brVhNNt58CMWU9PsBbv3PDCZUHbVxuDiH2mtA==",
      "license": "MIT",
      "engines": {
        "node": ">=0.1.90"
      }
    },
    "node_modules/file-uri-to-path": {
      "version": "1.0.0",
      "resolved": "https://registry.npmjs.org/file-uri-to-path/-/file-uri-to-path-1.0.0.tgz",
      "integrity": "sha512-0Zt+s3L7Vf1biwWZ29aARiVYLx7iMGnEUl9x33fbB/j3jR81u/O2LbqK+Bm1CDSNDKVtJ/YjwY7TUd5SkeLQLw==",
      "license": "MIT"
    },
    "node_modules/jazz-midi": {
      "version": "1.7.9",
      "resolved": "https://registry.npmjs.org/jazz-midi/-/jazz-midi-1.7.9.tgz",
      "integrity": "sha512-c8c4BBgwxdsIr1iVm53nadCrtH7BUlnX3V95ciK/gbvXN/ndE5+POskBalXgqlc/r9p2XUbdLTrgrC6fou5p9w==",
      "license": "MIT",
      "engines": {
        "node": ">=10.0.0"
      }
    },
    "node_modules/jzz": {
      "version": "1.9.3",
      "resolved": "https://registry.npmjs.org/jzz/-/jzz-1.9.3.tgz",
      "integrity": "sha512-DXQ7xXuJzC4YxNbQZy9pfHC/DOXM6IHgceTXnkhk1/+lU/qDk8W9xUaNpgCH6t1QDQ9roz7FSVtFc0/JhYQFxg==",
      "license": "MIT",
      "dependencies": {
        "@types/webmidi": "^2.1.0",
        "jazz-midi": "^1.7.9"
      }
    },
    "node_modules/jzz-midi-smf": {
      "version": "1.9.8",
      "resolved": "https://registry.npmjs.org/jzz-midi-smf/-/jzz-midi-smf-1.9.8.tgz",
      "integrity": "sha512-Q9ImUNi4JzpOBwee6pcpU7r/hSxKOngEU50B4yN1w2rEDzQtUYAc5/58vtOWXsdv3Vh3ltwewEpOSsiX88OH2A==",
      "license": "MIT",
      "dependencies": {
        "jzz": "^1.9.3"
      }
    },
    "node_modules/midi": {
      "version": "2.0.0",
      "resolved": "https://registry.npmjs.org/midi/-/midi-2.0.0.tgz",
      "integrity": "sha512-HyCLWa+ET8Aqfu/NxdNkxfCx0EfCJrcZgKuhrY4c9UgkfxRt3ChM7RP1oC5vJf7ALXyuAG47jqr5yUlvSodTPQ==",
      "hasInstallScript": true,
      "license": "MIT",
      "dependencies": {
        "bindings": "~1.5.0",
        "nan": "^2.14.2"
      },
      "engines": {
        "node": ">=10"
      }
    },
    "node_modules/nan": {
      "version": "2.22.2",
      "resolved": "https://registry.npmjs.org/nan/-/nan-2.22.2.tgz",
      "integrity": "sha512-DANghxFkS1plDdRsX0X9pm0Z6SJNN6gBdtXfanwoZ8hooC5gosGFSBGRYHUVPz1asKA/kMRqDRdHrluZ61SpBQ==",
      "license": "MIT"
    },
    "node_modules/undici-types": {
      "version": "7.8.0",
      "resolved": "https://registry.npmjs.org/undici-types/-/undici-types-7.8.0.tgz",
      "integrity": "sha512-9UJ2xGDvQ43tYyVMpuHlsgApydB8ZKfVYTsLDhXkFL/6gfkp+U8xTGdh8pMJv1SpZna0zxG1DwsKZsreLbXBxw==",
      "license": "MIT"
    }
  }
}